
Microsoft Visual Studio Solution File, Format Version 12.00
# Visual Studio 2012
Project("{FAE04EC0-301F-11D3-BF4B-00C04F79EFBC}") = "HomePTServer", "HomePTServer\HomePTServer.csproj", "{71B0D9F0-1891-4427-93BE-99447CAD91E5}"
EndProject
Global
	GlobalSection(SolutionConfigurationPlatforms) = preSolution
		Debug|Any CPU = Debug|Any CPU
		Release|Any CPU = Release|Any CPU
	EndGlobalSection
	GlobalSection(ProjectConfigurationPlatforms) = postSolution
		{71B0D9F0-1891-4427-93BE-99447CAD91E5}.Debug|Any CPU.ActiveCfg = Debug|Any CPU
		{71B0D9F0-1891-4427-93BE-99447CAD91E5}.Debug|Any CPU.Build.0 = Debug|Any CPU
		{71B0D9F0-1891-4427-93BE-99447CAD91E5}.Release|Any CPU.ActiveCfg = Release|Any CPU
		{71B0D9F0-1891-4427-93BE-99447CAD91E5}.Release|Any CPU.Build.0 = Release|Any CPU
	EndGlobalSection
	GlobalSection(SolutionProperties) = preSolution
		HideSolutionNode = FALSE
	EndGlobalSection
EndGlobal
